// !$*UTF8*$!
{
	archiveVersion = 1;
	classes = {
	};
	objectVersion = 50;
	objects = {

/* Begin PBXBuildFile section */
		5CA2480159F9FAFD3B029BFD /* Pods_Roar.framework in Frameworks */ = {isa = PBXBuildFile; fileRef = 00ADEB36CA6865F533C1C49B /* Pods_Roar.framework */; };
		C9172DA822079BEC009EC08F /* AppDelegate.swift in Sources */ = {isa = PBXBuildFile; fileRef = C9172DA722079BEC009EC08F /* AppDelegate.swift */; };
		C9172DAA22079BEC009EC08F /* HomeController.swift in Sources */ = {isa = PBXBuildFile; fileRef = C9172DA922079BEC009EC08F /* HomeController.swift */; };
		C9172DAD22079BEC009EC08F /* Main.storyboard in Resources */ = {isa = PBXBuildFile; fileRef = C9172DAB22079BEC009EC08F /* Main.storyboard */; };
		C9172DAF22079BEE009EC08F /* Assets.xcassets in Resources */ = {isa = PBXBuildFile; fileRef = C9172DAE22079BEE009EC08F /* Assets.xcassets */; };
		C9172DB222079BEE009EC08F /* LaunchScreen.storyboard in Resources */ = {isa = PBXBuildFile; fileRef = C9172DB022079BEE009EC08F /* LaunchScreen.storyboard */; };
		C919106D22795E4E0000444D /* SwipeableCardViewDataSource.swift in Sources */ = {isa = PBXBuildFile; fileRef = C919106C22795E4E0000444D /* SwipeableCardViewDataSource.swift */; };
		C93C7995220C00CD002BA573 /* CardView.swift in Sources */ = {isa = PBXBuildFile; fileRef = C93C7994220C00CD002BA573 /* CardView.swift */; };
		C9413A132271852A00440347 /* Animal.swift in Sources */ = {isa = PBXBuildFile; fileRef = C9413A122271852A00440347 /* Animal.swift */; };
		C9413A1F2274DD0200440347 /* Sound.swift in Sources */ = {isa = PBXBuildFile; fileRef = C9413A1E2274DD0200440347 /* Sound.swift */; };
		C99859CE226664FA00C87E69 /* ViewExtension.swift in Sources */ = {isa = PBXBuildFile; fileRef = C99859CD226664FA00C87E69 /* ViewExtension.swift */; };
		C9985A242269977F00C87E69 /* Lion.mp3 in Resources */ = {isa = PBXBuildFile; fileRef = C9985A0A2269977D00C87E69 /* Lion.mp3 */; };
		C9985A252269977F00C87E69 /* Owl.mp3 in Resources */ = {isa = PBXBuildFile; fileRef = C9985A0B2269977D00C87E69 /* Owl.mp3 */; };
		C9985A262269977F00C87E69 /* Seagull.mp3 in Resources */ = {isa = PBXBuildFile; fileRef = C9985A0C2269977D00C87E69 /* Seagull.mp3 */; };
		C9985A272269977F00C87E69 /* Monkey.mp3 in Resources */ = {isa = PBXBuildFile; fileRef = C9985A0D2269977D00C87E69 /* Monkey.mp3 */; };
		C9985A282269977F00C87E69 /* Cough.mp3 in Resources */ = {isa = PBXBuildFile; fileRef = C9985A0E2269977D00C87E69 /* Cough.mp3 */; };
		C9985A292269977F00C87E69 /* Fly.mp3 in Resources */ = {isa = PBXBuildFile; fileRef = C9985A0F2269977D00C87E69 /* Fly.mp3 */; };
		C9985A2A2269977F00C87E69 /* Frog.mp3 in Resources */ = {isa = PBXBuildFile; fileRef = C9985A102269977D00C87E69 /* Frog.mp3 */; };
		C9985A2B2269977F00C87E69 /* Seal.mp3 in Resources */ = {isa = PBXBuildFile; fileRef = C9985A112269977D00C87E69 /* Seal.mp3 */; };
		C9985A2C2269977F00C87E69 /* Snake.mp3 in Resources */ = {isa = PBXBuildFile; fileRef = C9985A122269977E00C87E69 /* Snake.mp3 */; };
		C9985A2D2269977F00C87E69 /* Parrot.mp3 in Resources */ = {isa = PBXBuildFile; fileRef = C9985A132269977E00C87E69 /* Parrot.mp3 */; };
		C9985A2E2269977F00C87E69 /* Donkey.mp3 in Resources */ = {isa = PBXBuildFile; fileRef = C9985A142269977E00C87E69 /* Donkey.mp3 */; };
		C9985A2F2269977F00C87E69 /* Duck.mp3 in Resources */ = {isa = PBXBuildFile; fileRef = C9985A152269977E00C87E69 /* Duck.mp3 */; };
		C9985A302269977F00C87E69 /* Cow.mp3 in Resources */ = {isa = PBXBuildFile; fileRef = C9985A162269977E00C87E69 /* Cow.mp3 */; };
		C9985A312269977F00C87E69 /* Goat.mp3 in Resources */ = {isa = PBXBuildFile; fileRef = C9985A172269977E00C87E69 /* Goat.mp3 */; };
		C9985A322269977F00C87E69 /* Sheep.mp3 in Resources */ = {isa = PBXBuildFile; fileRef = C9985A182269977E00C87E69 /* Sheep.mp3 */; };
		C9985A332269977F00C87E69 /* Bear.mp3 in Resources */ = {isa = PBXBuildFile; fileRef = C9985A192269977E00C87E69 /* Bear.mp3 */; };
		C9985A342269977F00C87E69 /* Elephant.mp3 in Resources */ = {isa = PBXBuildFile; fileRef = C9985A1A2269977E00C87E69 /* Elephant.mp3 */; };
		C9985A352269977F00C87E69 /* Pig.mp3 in Resources */ = {isa = PBXBuildFile; fileRef = C9985A1B2269977E00C87E69 /* Pig.mp3 */; };
		C9985A362269977F00C87E69 /* Cat.mp3 in Resources */ = {isa = PBXBuildFile; fileRef = C9985A1C2269977E00C87E69 /* Cat.mp3 */; };
		C9985A372269977F00C87E69 /* Tiger.mp3 in Resources */ = {isa = PBXBuildFile; fileRef = C9985A1D2269977E00C87E69 /* Tiger.mp3 */; };
		C9985A382269977F00C87E69 /* Zebra.mp3 in Resources */ = {isa = PBXBuildFile; fileRef = C9985A1E2269977F00C87E69 /* Zebra.mp3 */; };
		C9985A392269977F00C87E69 /* Rooster.mp3 in Resources */ = {isa = PBXBuildFile; fileRef = C9985A1F2269977F00C87E69 /* Rooster.mp3 */; };
		C9985A3A2269977F00C87E69 /* Chicken.mp3 in Resources */ = {isa = PBXBuildFile; fileRef = C9985A202269977F00C87E69 /* Chicken.mp3 */; };
		C9985A3B2269977F00C87E69 /* Dog.mp3 in Resources */ = {isa = PBXBuildFile; fileRef = C9985A212269977F00C87E69 /* Dog.mp3 */; };
		C9985A3C2269977F00C87E69 /* Snake.wav in Resources */ = {isa = PBXBuildFile; fileRef = C9985A222269977F00C87E69 /* Snake.wav */; };
		C9985A3D2269977F00C87E69 /* Horse.mp3 in Resources */ = {isa = PBXBuildFile; fileRef = C9985A232269977F00C87E69 /* Horse.mp3 */; };
		C9985A3F226AD52000C87E69 /* AnimalsStock.swift in Sources */ = {isa = PBXBuildFile; fileRef = C9985A3E226AD52000C87E69 /* AnimalsStock.swift */; };
/* End PBXBuildFile section */

/* Begin PBXFileReference section */
		00ADEB36CA6865F533C1C49B /* Pods_Roar.framework */ = {isa = PBXFileReference; explicitFileType = wrapper.framework; includeInIndex = 0; path = Pods_Roar.framework; sourceTree = BUILT_PRODUCTS_DIR; };
		B3CE165B305614D52CC63E79 /* Pods-Roar.release.xcconfig */ = {isa = PBXFileReference; includeInIndex = 1; lastKnownFileType = text.xcconfig; name = "Pods-Roar.release.xcconfig"; path = "Pods/Target Support Files/Pods-Roar/Pods-Roar.release.xcconfig"; sourceTree = "<group>"; };
		C9172DA422079BEC009EC08F /* Roar.app */ = {isa = PBXFileReference; explicitFileType = wrapper.application; includeInIndex = 0; path = Roar.app; sourceTree = BUILT_PRODUCTS_DIR; };
		C9172DA722079BEC009EC08F /* AppDelegate.swift */ = {isa = PBXFileReference; lastKnownFileType = sourcecode.swift; path = AppDelegate.swift; sourceTree = "<group>"; };
		C9172DA922079BEC009EC08F /* HomeController.swift */ = {isa = PBXFileReference; lastKnownFileType = sourcecode.swift; path = HomeController.swift; sourceTree = "<group>"; };
		C9172DAC22079BEC009EC08F /* Base */ = {isa = PBXFileReference; lastKnownFileType = file.storyboard; name = Base; path = Base.lproj/Main.storyboard; sourceTree = "<group>"; };
		C9172DAE22079BEE009EC08F /* Assets.xcassets */ = {isa = PBXFileReference; lastKnownFileType = folder.assetcatalog; path = Assets.xcassets; sourceTree = "<group>"; };
		C9172DB122079BEE009EC08F /* Base */ = {isa = PBXFileReference; lastKnownFileType = file.storyboard; name = Base; path = Base.lproj/LaunchScreen.storyboard; sourceTree = "<group>"; };
		C9172DB322079BEE009EC08F /* Info.plist */ = {isa = PBXFileReference; lastKnownFileType = text.plist.xml; path = Info.plist; sourceTree = "<group>"; };
		C919106C22795E4E0000444D /* SwipeableCardViewDataSource.swift */ = {isa = PBXFileReference; lastKnownFileType = sourcecode.swift; path = SwipeableCardViewDataSource.swift; sourceTree = "<group>"; };
		C93C7994220C00CD002BA573 /* CardView.swift */ = {isa = PBXFileReference; lastKnownFileType = sourcecode.swift; path = CardView.swift; sourceTree = "<group>"; };
		C9413A122271852A00440347 /* Animal.swift */ = {isa = PBXFileReference; fileEncoding = 4; lastKnownFileType = sourcecode.swift; path = Animal.swift; sourceTree = "<group>"; };
		C9413A1E2274DD0200440347 /* Sound.swift */ = {isa = PBXFileReference; fileEncoding = 4; lastKnownFileType = sourcecode.swift; path = Sound.swift; sourceTree = "<group>"; };
		C99859CD226664FA00C87E69 /* ViewExtension.swift */ = {isa = PBXFileReference; lastKnownFileType = sourcecode.swift; path = ViewExtension.swift; sourceTree = "<group>"; };
		C9985A0A2269977D00C87E69 /* Lion.mp3 */ = {isa = PBXFileReference; lastKnownFileType = audio.mp3; name = Lion.mp3; path = ../../Sounds/Lion.mp3; sourceTree = "<group>"; };
		C9985A0B2269977D00C87E69 /* Owl.mp3 */ = {isa = PBXFileReference; lastKnownFileType = audio.mp3; name = Owl.mp3; path = ../../Sounds/Owl.mp3; sourceTree = "<group>"; };
		C9985A0C2269977D00C87E69 /* Seagull.mp3 */ = {isa = PBXFileReference; lastKnownFileType = audio.mp3; name = Seagull.mp3; path = ../../Sounds/Seagull.mp3; sourceTree = "<group>"; };
		C9985A0D2269977D00C87E69 /* Monkey.mp3 */ = {isa = PBXFileReference; lastKnownFileType = audio.mp3; name = Monkey.mp3; path = ../../Sounds/Monkey.mp3; sourceTree = "<group>"; };
		C9985A0E2269977D00C87E69 /* Cough.mp3 */ = {isa = PBXFileReference; lastKnownFileType = audio.mp3; name = Cough.mp3; path = ../../Sounds/Cough.mp3; sourceTree = "<group>"; };
		C9985A0F2269977D00C87E69 /* Fly.mp3 */ = {isa = PBXFileReference; lastKnownFileType = audio.mp3; name = Fly.mp3; path = ../../Sounds/Fly.mp3; sourceTree = "<group>"; };
		C9985A102269977D00C87E69 /* Frog.mp3 */ = {isa = PBXFileReference; lastKnownFileType = audio.mp3; name = Frog.mp3; path = ../../Sounds/Frog.mp3; sourceTree = "<group>"; };
		C9985A112269977D00C87E69 /* Seal.mp3 */ = {isa = PBXFileReference; lastKnownFileType = audio.mp3; name = Seal.mp3; path = ../../Sounds/Seal.mp3; sourceTree = "<group>"; };
		C9985A122269977E00C87E69 /* Snake.mp3 */ = {isa = PBXFileReference; lastKnownFileType = audio.mp3; name = Snake.mp3; path = ../../Sounds/Snake.mp3; sourceTree = "<group>"; };
		C9985A132269977E00C87E69 /* Parrot.mp3 */ = {isa = PBXFileReference; lastKnownFileType = audio.mp3; name = Parrot.mp3; path = ../../Sounds/Parrot.mp3; sourceTree = "<group>"; };
		C9985A142269977E00C87E69 /* Donkey.mp3 */ = {isa = PBXFileReference; lastKnownFileType = audio.mp3; name = Donkey.mp3; path = ../../Sounds/Donkey.mp3; sourceTree = "<group>"; };
		C9985A152269977E00C87E69 /* Duck.mp3 */ = {isa = PBXFileReference; lastKnownFileType = audio.mp3; name = Duck.mp3; path = ../../Sounds/Duck.mp3; sourceTree = "<group>"; };
		C9985A162269977E00C87E69 /* Cow.mp3 */ = {isa = PBXFileReference; lastKnownFileType = audio.mp3; name = Cow.mp3; path = ../../Sounds/Cow.mp3; sourceTree = "<group>"; };
		C9985A172269977E00C87E69 /* Goat.mp3 */ = {isa = PBXFileReference; lastKnownFileType = audio.mp3; name = Goat.mp3; path = ../../Sounds/Goat.mp3; sourceTree = "<group>"; };
		C9985A182269977E00C87E69 /* Sheep.mp3 */ = {isa = PBXFileReference; lastKnownFileType = audio.mp3; name = Sheep.mp3; path = ../../Sounds/Sheep.mp3; sourceTree = "<group>"; };
		C9985A192269977E00C87E69 /* Bear.mp3 */ = {isa = PBXFileReference; lastKnownFileType = audio.mp3; name = Bear.mp3; path = ../../Sounds/Bear.mp3; sourceTree = "<group>"; };
		C9985A1A2269977E00C87E69 /* Elephant.mp3 */ = {isa = PBXFileReference; lastKnownFileType = audio.mp3; name = Elephant.mp3; path = ../../Sounds/Elephant.mp3; sourceTree = "<group>"; };
		C9985A1B2269977E00C87E69 /* Pig.mp3 */ = {isa = PBXFileReference; lastKnownFileType = audio.mp3; name = Pig.mp3; path = ../../Sounds/Pig.mp3; sourceTree = "<group>"; };
		C9985A1C2269977E00C87E69 /* Cat.mp3 */ = {isa = PBXFileReference; lastKnownFileType = audio.mp3; name = Cat.mp3; path = ../../Sounds/Cat.mp3; sourceTree = "<group>"; };
		C9985A1D2269977E00C87E69 /* Tiger.mp3 */ = {isa = PBXFileReference; lastKnownFileType = audio.mp3; name = Tiger.mp3; path = ../../Sounds/Tiger.mp3; sourceTree = "<group>"; };
		C9985A1E2269977F00C87E69 /* Zebra.mp3 */ = {isa = PBXFileReference; lastKnownFileType = audio.mp3; name = Zebra.mp3; path = ../../Sounds/Zebra.mp3; sourceTree = "<group>"; };
		C9985A1F2269977F00C87E69 /* Rooster.mp3 */ = {isa = PBXFileReference; lastKnownFileType = audio.mp3; name = Rooster.mp3; path = ../../Sounds/Rooster.mp3; sourceTree = "<group>"; };
		C9985A202269977F00C87E69 /* Chicken.mp3 */ = {isa = PBXFileReference; lastKnownFileType = audio.mp3; name = Chicken.mp3; path = ../../Sounds/Chicken.mp3; sourceTree = "<group>"; };
		C9985A212269977F00C87E69 /* Dog.mp3 */ = {isa = PBXFileReference; lastKnownFileType = audio.mp3; name = Dog.mp3; path = ../../Sounds/Dog.mp3; sourceTree = "<group>"; };
		C9985A222269977F00C87E69 /* Snake.wav */ = {isa = PBXFileReference; lastKnownFileType = audio.wav; name = Snake.wav; path = ../../Sounds/Snake.wav; sourceTree = "<group>"; };
		C9985A232269977F00C87E69 /* Horse.mp3 */ = {isa = PBXFileReference; lastKnownFileType = audio.mp3; name = Horse.mp3; path = ../../Sounds/Horse.mp3; sourceTree = "<group>"; };
		C9985A3E226AD52000C87E69 /* AnimalsStock.swift */ = {isa = PBXFileReference; lastKnownFileType = sourcecode.swift; path = AnimalsStock.swift; sourceTree = "<group>"; };
		E2494D10B07E14A59DC5652A /* Pods-Roar.debug.xcconfig */ = {isa = PBXFileReference; includeInIndex = 1; lastKnownFileType = text.xcconfig; name = "Pods-Roar.debug.xcconfig"; path = "Pods/Target Support Files/Pods-Roar/Pods-Roar.debug.xcconfig"; sourceTree = "<group>"; };
/* End PBXFileReference section */

/* Begin PBXFrameworksBuildPhase section */
		C9172DA122079BEC009EC08F /* Frameworks */ = {
			isa = PBXFrameworksBuildPhase;
			buildActionMask = 2147483647;
			files = (
				5CA2480159F9FAFD3B029BFD /* Pods_Roar.framework in Frameworks */,
			);
			runOnlyForDeploymentPostprocessing = 0;
		};
/* End PBXFrameworksBuildPhase section */

/* Begin PBXGroup section */
		2DBB3361705C042894259B64 /* Frameworks */ = {
			isa = PBXGroup;
			children = (
				00ADEB36CA6865F533C1C49B /* Pods_Roar.framework */,
			);
			name = Frameworks;
			sourceTree = "<group>";
		};
		C9172D9B22079BEC009EC08F = {
			isa = PBXGroup;
			children = (
				C9172DA622079BEC009EC08F /* Roar */,
				C99859D12266EFED00C87E69 /* Sounds */,
				C9172DA522079BEC009EC08F /* Products */,
				F6B8731E204D5014656CCCF4 /* Pods */,
				2DBB3361705C042894259B64 /* Frameworks */,
			);
			sourceTree = "<group>";
		};
		C9172DA522079BEC009EC08F /* Products */ = {
			isa = PBXGroup;
			children = (
				C9172DA422079BEC009EC08F /* Roar.app */,
			);
			name = Products;
			sourceTree = "<group>";
		};
		C9172DA622079BEC009EC08F /* Roar */ = {
			isa = PBXGroup;
			children = (
				C96E8E9322346321001611AA /* Model */,
				C93C7993220C0090002BA573 /* Views */,
				C99859CC22658CAE00C87E69 /* Controller */,
				C9172DA722079BEC009EC08F /* AppDelegate.swift */,
				C9172DAE22079BEE009EC08F /* Assets.xcassets */,
				C9172DB022079BEE009EC08F /* LaunchScreen.storyboard */,
				C9172DB322079BEE009EC08F /* Info.plist */,
			);
			path = Roar;
			sourceTree = "<group>";
		};
		C93C7993220C0090002BA573 /* Views */ = {
			isa = PBXGroup;
			children = (
				C9172DAB22079BEC009EC08F /* Main.storyboard */,
				C93C7994220C00CD002BA573 /* CardView.swift */,
			);
			path = Views;
			sourceTree = "<group>";
		};
		C96E8E9322346321001611AA /* Model */ = {
			isa = PBXGroup;
			children = (
				C9413A122271852A00440347 /* Animal.swift */,
				C9985A3E226AD52000C87E69 /* AnimalsStock.swift */,
				C99859CD226664FA00C87E69 /* ViewExtension.swift */,
				C9413A1E2274DD0200440347 /* Sound.swift */,
			);
			path = Model;
			sourceTree = "<group>";
		};
		C99859CC22658CAE00C87E69 /* Controller */ = {
			isa = PBXGroup;
			children = (
				C9172DA922079BEC009EC08F /* HomeController.swift */,
				C919106C22795E4E0000444D /* SwipeableCardViewDataSource.swift */,
			);
			path = Controller;
			sourceTree = "<group>";
		};
		C99859D12266EFED00C87E69 /* Sounds */ = {
			isa = PBXGroup;
			children = (
				C9985A192269977E00C87E69 /* Bear.mp3 */,
				C9985A1C2269977E00C87E69 /* Cat.mp3 */,
				C9985A202269977F00C87E69 /* Chicken.mp3 */,
				C9985A0E2269977D00C87E69 /* Cough.mp3 */,
				C9985A162269977E00C87E69 /* Cow.mp3 */,
				C9985A212269977F00C87E69 /* Dog.mp3 */,
				C9985A142269977E00C87E69 /* Donkey.mp3 */,
				C9985A152269977E00C87E69 /* Duck.mp3 */,
				C9985A1A2269977E00C87E69 /* Elephant.mp3 */,
				C9985A0F2269977D00C87E69 /* Fly.mp3 */,
				C9985A102269977D00C87E69 /* Frog.mp3 */,
				C9985A172269977E00C87E69 /* Goat.mp3 */,
				C9985A232269977F00C87E69 /* Horse.mp3 */,
				C9985A0A2269977D00C87E69 /* Lion.mp3 */,
				C9985A0D2269977D00C87E69 /* Monkey.mp3 */,
				C9985A0B2269977D00C87E69 /* Owl.mp3 */,
				C9985A132269977E00C87E69 /* Parrot.mp3 */,
				C9985A1B2269977E00C87E69 /* Pig.mp3 */,
				C9985A1F2269977F00C87E69 /* Rooster.mp3 */,
				C9985A0C2269977D00C87E69 /* Seagull.mp3 */,
				C9985A112269977D00C87E69 /* Seal.mp3 */,
				C9985A182269977E00C87E69 /* Sheep.mp3 */,
				C9985A122269977E00C87E69 /* Snake.mp3 */,
				C9985A222269977F00C87E69 /* Snake.wav */,
				C9985A1D2269977E00C87E69 /* Tiger.mp3 */,
				C9985A1E2269977F00C87E69 /* Zebra.mp3 */,
			);
			path = Sounds;
			sourceTree = "<group>";
		};
		F6B8731E204D5014656CCCF4 /* Pods */ = {
			isa = PBXGroup;
			children = (
				E2494D10B07E14A59DC5652A /* Pods-Roar.debug.xcconfig */,
				B3CE165B305614D52CC63E79 /* Pods-Roar.release.xcconfig */,
			);
			name = Pods;
			sourceTree = "<group>";
		};
/* End PBXGroup section */

/* Begin PBXNativeTarget section */
		C9172DA322079BEC009EC08F /* Roar */ = {
			isa = PBXNativeTarget;
			buildConfigurationList = C9172DB622079BEE009EC08F /* Build configuration list for PBXNativeTarget "Roar" */;
			buildPhases = (
				CD26FC2E28301298D8D23FBB /* [CP] Check Pods Manifest.lock */,
				C9172DA022079BEC009EC08F /* Sources */,
				C9172DA122079BEC009EC08F /* Frameworks */,
				C9172DA222079BEC009EC08F /* Resources */,
				39F56B927AB9D713E033211A /* [CP] Embed Pods Frameworks */,
			);
			buildRules = (
			);
			dependencies = (
			);
			name = Roar;
			productName = Roar;
			productReference = C9172DA422079BEC009EC08F /* Roar.app */;
			productType = "com.apple.product-type.application";
		};
/* End PBXNativeTarget section */

/* Begin PBXProject section */
		C9172D9C22079BEC009EC08F /* Project object */ = {
			isa = PBXProject;
			attributes = {
				LastSwiftUpdateCheck = 1010;
				LastUpgradeCheck = 1010;
				ORGANIZATIONNAME = mindelicious;
				TargetAttributes = {
					C9172DA322079BEC009EC08F = {
						CreatedOnToolsVersion = 10.1;
						LastSwiftMigration = 1020;
					};
				};
			};
			buildConfigurationList = C9172D9F22079BEC009EC08F /* Build configuration list for PBXProject "Roar" */;
			compatibilityVersion = "Xcode 9.3";
			developmentRegion = en;
			hasScannedForEncodings = 0;
			knownRegions = (
				en,
				Base,
			);
			mainGroup = C9172D9B22079BEC009EC08F;
			productRefGroup = C9172DA522079BEC009EC08F /* Products */;
			projectDirPath = "";
			projectRoot = "";
			targets = (
				C9172DA322079BEC009EC08F /* Roar */,
			);
		};
/* End PBXProject section */

/* Begin PBXResourcesBuildPhase section */
		C9172DA222079BEC009EC08F /* Resources */ = {
			isa = PBXResourcesBuildPhase;
			buildActionMask = 2147483647;
			files = (
				C9985A2E2269977F00C87E69 /* Donkey.mp3 in Resources */,
				C9985A362269977F00C87E69 /* Cat.mp3 in Resources */,
				C9985A2B2269977F00C87E69 /* Seal.mp3 in Resources */,
				C9985A2D2269977F00C87E69 /* Parrot.mp3 in Resources */,
				C9985A262269977F00C87E69 /* Seagull.mp3 in Resources */,
				C9985A272269977F00C87E69 /* Monkey.mp3 in Resources */,
				C9985A2A2269977F00C87E69 /* Frog.mp3 in Resources */,
				C9985A3C2269977F00C87E69 /* Snake.wav in Resources */,
				C9985A242269977F00C87E69 /* Lion.mp3 in Resources */,
				C9985A2C2269977F00C87E69 /* Snake.mp3 in Resources */,
				C9985A322269977F00C87E69 /* Sheep.mp3 in Resources */,
				C9985A3A2269977F00C87E69 /* Chicken.mp3 in Resources */,
				C9985A292269977F00C87E69 /* Fly.mp3 in Resources */,
				C9985A382269977F00C87E69 /* Zebra.mp3 in Resources */,
				C9172DB222079BEE009EC08F /* LaunchScreen.storyboard in Resources */,
				C9985A312269977F00C87E69 /* Goat.mp3 in Resources */,
				C9172DAF22079BEE009EC08F /* Assets.xcassets in Resources */,
				C9985A372269977F00C87E69 /* Tiger.mp3 in Resources */,
				C9985A282269977F00C87E69 /* Cough.mp3 in Resources */,
				C9985A2F2269977F00C87E69 /* Duck.mp3 in Resources */,
				C9985A342269977F00C87E69 /* Elephant.mp3 in Resources */,
				C9985A332269977F00C87E69 /* Bear.mp3 in Resources */,
				C9172DAD22079BEC009EC08F /* Main.storyboard in Resources */,
				C9985A352269977F00C87E69 /* Pig.mp3 in Resources */,
				C9985A302269977F00C87E69 /* Cow.mp3 in Resources */,
				C9985A3B2269977F00C87E69 /* Dog.mp3 in Resources */,
				C9985A392269977F00C87E69 /* Rooster.mp3 in Resources */,
				C9985A252269977F00C87E69 /* Owl.mp3 in Resources */,
				C9985A3D2269977F00C87E69 /* Horse.mp3 in Resources */,
			);
			runOnlyForDeploymentPostprocessing = 0;
		};
/* End PBXResourcesBuildPhase section */

/* Begin PBXShellScriptBuildPhase section */
		39F56B927AB9D713E033211A /* [CP] Embed Pods Frameworks */ = {
			isa = PBXShellScriptBuildPhase;
			buildActionMask = 2147483647;
			files = (
			);
			inputPaths = (
				"${SRCROOT}/Pods/Target Support Files/Pods-Roar/Pods-Roar-frameworks.sh",
				"${BUILT_PRODUCTS_DIR}/Koloda/Koloda.framework",
				"${BUILT_PRODUCTS_DIR}/pop/pop.framework",
			);
			name = "[CP] Embed Pods Frameworks";
			outputPaths = (
				"${TARGET_BUILD_DIR}/${FRAMEWORKS_FOLDER_PATH}/Koloda.framework",
				"${TARGET_BUILD_DIR}/${FRAMEWORKS_FOLDER_PATH}/pop.framework",
			);
			runOnlyForDeploymentPostprocessing = 0;
			shellPath = /bin/sh;
			shellScript = "\"${SRCROOT}/Pods/Target Support Files/Pods-Roar/Pods-Roar-frameworks.sh\"\n";
			showEnvVarsInLog = 0;
		};
		CD26FC2E28301298D8D23FBB /* [CP] Check Pods Manifest.lock */ = {
			isa = PBXShellScriptBuildPhase;
			buildActionMask = 2147483647;
			files = (
			);
			inputPaths = (
				"${PODS_PODFILE_DIR_PATH}/Podfile.lock",
				"${PODS_ROOT}/Manifest.lock",
			);
			name = "[CP] Check Pods Manifest.lock";
			outputPaths = (
				"$(DERIVED_FILE_DIR)/Pods-Roar-checkManifestLockResult.txt",
			);
			runOnlyForDeploymentPostprocessing = 0;
			shellPath = /bin/sh;
			shellScript = "diff \"${PODS_PODFILE_DIR_PATH}/Podfile.lock\" \"${PODS_ROOT}/Manifest.lock\" > /dev/null\nif [ $? != 0 ] ; then\n    # print error to STDERR\n    echo \"error: The sandbox is not in sync with the Podfile.lock. Run 'pod install' or update your CocoaPods installation.\" >&2\n    exit 1\nfi\n# This output is used by Xcode 'outputs' to avoid re-running this script phase.\necho \"SUCCESS\" > \"${SCRIPT_OUTPUT_FILE_0}\"\n";
			showEnvVarsInLog = 0;
		};
/* End PBXShellScriptBuildPhase section */

/* Begin PBXSourcesBuildPhase section */
		C9172DA022079BEC009EC08F /* Sources */ = {
			isa = PBXSourcesBuildPhase;
			buildActionMask = 2147483647;
			files = (
				C919106D22795E4E0000444D /* SwipeableCardViewDataSource.swift in Sources */,
				C9985A3F226AD52000C87E69 /* AnimalsStock.swift in Sources */,
				C9172DAA22079BEC009EC08F /* HomeController.swift in Sources */,
				C93C7995220C00CD002BA573 /* CardView.swift in Sources */,
				C9413A132271852A00440347 /* Animal.swift in Sources */,
				C9172DA822079BEC009EC08F /* AppDelegate.swift in Sources */,
				C99859CE226664FA00C87E69 /* ViewExtension.swift in Sources */,
				C9413A1F2274DD0200440347 /* Sound.swift in Sources */,
			);
			runOnlyForDeploymentPostprocessing = 0;
		};
/* End PBXSourcesBuildPhase section */

/* Begin PBXVariantGroup section */
		C9172DAB22079BEC009EC08F /* Main.storyboard */ = {
			isa = PBXVariantGroup;
			children = (
				C9172DAC22079BEC009EC08F /* Base */,
			);
			name = Main.storyboard;
			sourceTree = "<group>";
		};
		C9172DB022079BEE009EC08F /* LaunchScreen.storyboard */ = {
			isa = PBXVariantGroup;
			children = (
				C9172DB122079BEE009EC08F /* Base */,
			);
			name = LaunchScreen.storyboard;
			sourceTree = "<group>";
		};
/* End PBXVariantGroup section */

/* Begin XCBuildConfiguration section */
		C9172DB422079BEE009EC08F /* Debug */ = {
			isa = XCBuildConfiguration;
			buildSettings = {
				ALWAYS_SEARCH_USER_PATHS = NO;
				CLANG_ANALYZER_NONNULL = YES;
				CLANG_ANALYZER_NUMBER_OBJECT_CONVERSION = YES_AGGRESSIVE;
				CLANG_CXX_LANGUAGE_STANDARD = "gnu++14";
				CLANG_CXX_LIBRARY = "libc++";
				CLANG_ENABLE_MODULES = YES;
				CLANG_ENABLE_OBJC_ARC = YES;
				CLANG_ENABLE_OBJC_WEAK = YES;
				CLANG_WARN_BLOCK_CAPTURE_AUTORELEASING = YES;
				CLANG_WARN_BOOL_CONVERSION = YES;
				CLANG_WARN_COMMA = YES;
				CLANG_WARN_CONSTANT_CONVERSION = YES;
				CLANG_WARN_DEPRECATED_OBJC_IMPLEMENTATIONS = YES;
				CLANG_WARN_DIRECT_OBJC_ISA_USAGE = YES_ERROR;
				CLANG_WARN_DOCUMENTATION_COMMENTS = YES;
				CLANG_WARN_EMPTY_BODY = YES;
				CLANG_WARN_ENUM_CONVERSION = YES;
				CLANG_WARN_INFINITE_RECURSION = YES;
				CLANG_WARN_INT_CONVERSION = YES;
				CLANG_WARN_NON_LITERAL_NULL_CONVERSION = YES;
				CLANG_WARN_OBJC_IMPLICIT_RETAIN_SELF = YES;
				CLANG_WARN_OBJC_LITERAL_CONVERSION = YES;
				CLANG_WARN_OBJC_ROOT_CLASS = YES_ERROR;
				CLANG_WARN_RANGE_LOOP_ANALYSIS = YES;
				CLANG_WARN_STRICT_PROTOTYPES = YES;
				CLANG_WARN_SUSPICIOUS_MOVE = YES;
				CLANG_WARN_UNGUARDED_AVAILABILITY = YES_AGGRESSIVE;
				CLANG_WARN_UNREACHABLE_CODE = YES;
				CLANG_WARN__DUPLICATE_METHOD_MATCH = YES;
				CODE_SIGN_IDENTITY = "iPhone Developer";
				COPY_PHASE_STRIP = NO;
				DEBUG_INFORMATION_FORMAT = dwarf;
				ENABLE_STRICT_OBJC_MSGSEND = YES;
				ENABLE_TESTABILITY = YES;
				GCC_C_LANGUAGE_STANDARD = gnu11;
				GCC_DYNAMIC_NO_PIC = NO;
				GCC_NO_COMMON_BLOCKS = YES;
				GCC_OPTIMIZATION_LEVEL = 0;
				GCC_PREPROCESSOR_DEFINITIONS = (
					"DEBUG=1",
					"$(inherited)",
				);
				GCC_WARN_64_TO_32_BIT_CONVERSION = YES;
				GCC_WARN_ABOUT_RETURN_TYPE = YES_ERROR;
				GCC_WARN_UNDECLARED_SELECTOR = YES;
				GCC_WARN_UNINITIALIZED_AUTOS = YES_AGGRESSIVE;
				GCC_WARN_UNUSED_FUNCTION = YES;
				GCC_WARN_UNUSED_VARIABLE = YES;
				IPHONEOS_DEPLOYMENT_TARGET = 12.1;
				MTL_ENABLE_DEBUG_INFO = INCLUDE_SOURCE;
				MTL_FAST_MATH = YES;
				ONLY_ACTIVE_ARCH = YES;
				SDKROOT = iphoneos;
				SWIFT_ACTIVE_COMPILATION_CONDITIONS = DEBUG;
				SWIFT_OPTIMIZATION_LEVEL = "-Onone";
			};
			name = Debug;
		};
		C9172DB522079BEE009EC08F /* Release */ = {
			isa = XCBuildConfiguration;
			buildSettings = {
				ALWAYS_SEARCH_USER_PATHS = NO;
				CLANG_ANALYZER_NONNULL = YES;
				CLANG_ANALYZER_NUMBER_OBJECT_CONVERSION = YES_AGGRESSIVE;
				CLANG_CXX_LANGUAGE_STANDARD = "gnu++14";
				CLANG_CXX_LIBRARY = "libc++";
				CLANG_ENABLE_MODULES = YES;
				CLANG_ENABLE_OBJC_ARC = YES;
				CLANG_ENABLE_OBJC_WEAK = YES;
				CLANG_WARN_BLOCK_CAPTURE_AUTORELEASING = YES;
				CLANG_WARN_BOOL_CONVERSION = YES;
				CLANG_WARN_COMMA = YES;
				CLANG_WARN_CONSTANT_CONVERSION = YES;
				CLANG_WARN_DEPRECATED_OBJC_IMPLEMENTATIONS = YES;
				CLANG_WARN_DIRECT_OBJC_ISA_USAGE = YES_ERROR;
				CLANG_WARN_DOCUMENTATION_COMMENTS = YES;
				CLANG_WARN_EMPTY_BODY = YES;
				CLANG_WARN_ENUM_CONVERSION = YES;
				CLANG_WARN_INFINITE_RECURSION = YES;
				CLANG_WARN_INT_CONVERSION = YES;
				CLANG_WARN_NON_LITERAL_NULL_CONVERSION = YES;
				CLANG_WARN_OBJC_IMPLICIT_RETAIN_SELF = YES;
				CLANG_WARN_OBJC_LITERAL_CONVERSION = YES;
				CLANG_WARN_OBJC_ROOT_CLASS = YES_ERROR;
				CLANG_WARN_RANGE_LOOP_ANALYSIS = YES;
				CLANG_WARN_STRICT_PROTOTYPES = YES;
				CLANG_WARN_SUSPICIOUS_MOVE = YES;
				CLANG_WARN_UNGUARDED_AVAILABILITY = YES_AGGRESSIVE;
				CLANG_WARN_UNREACHABLE_CODE = YES;
				CLANG_WARN__DUPLICATE_METHOD_MATCH = YES;
				CODE_SIGN_IDENTITY = "iPhone Developer";
				COPY_PHASE_STRIP = NO;
				DEBUG_INFORMATION_FORMAT = "dwarf-with-dsym";
				ENABLE_NS_ASSERTIONS = NO;
				ENABLE_STRICT_OBJC_MSGSEND = YES;
				GCC_C_LANGUAGE_STANDARD = gnu11;
				GCC_NO_COMMON_BLOCKS = YES;
				GCC_WARN_64_TO_32_BIT_CONVERSION = YES;
				GCC_WARN_ABOUT_RETURN_TYPE = YES_ERROR;
				GCC_WARN_UNDECLARED_SELECTOR = YES;
				GCC_WARN_UNINITIALIZED_AUTOS = YES_AGGRESSIVE;
				GCC_WARN_UNUSED_FUNCTION = YES;
				GCC_WARN_UNUSED_VARIABLE = YES;
				IPHONEOS_DEPLOYMENT_TARGET = 12.1;
				MTL_ENABLE_DEBUG_INFO = NO;
				MTL_FAST_MATH = YES;
				SDKROOT = iphoneos;
				SWIFT_COMPILATION_MODE = wholemodule;
				SWIFT_OPTIMIZATION_LEVEL = "-O";
				VALIDATE_PRODUCT = YES;
			};
			name = Release;
		};
		C9172DB722079BEE009EC08F /* Debug */ = {
			isa = XCBuildConfiguration;
			baseConfigurationReference = E2494D10B07E14A59DC5652A /* Pods-Roar.debug.xcconfig */;
			buildSettings = {
				ASSETCATALOG_COMPILER_APPICON_NAME = AppIcon;
				CODE_SIGN_IDENTITY = "iPhone Developer";
				CODE_SIGN_STYLE = Automatic;
				DEVELOPMENT_TEAM = A2CHK38FTF;
				INFOPLIST_FILE = Roar/Info.plist;
				LD_RUNPATH_SEARCH_PATHS = (
					"$(inherited)",
					"@executable_path/Frameworks",
				);
				PRODUCT_BUNDLE_IDENTIFIER = com.bambalon.Roar;
				PRODUCT_NAME = "$(TARGET_NAME)";
				PROVISIONING_PROFILE_SPECIFIER = "";
				SWIFT_VERSION = 5.0;
				TARGETED_DEVICE_FAMILY = "1,2";
			};
			name = Debug;
		};
		C9172DB822079BEE009EC08F /* Release */ = {
			isa = XCBuildConfiguration;
			baseConfigurationReference = B3CE165B305614D52CC63E79 /* Pods-Roar.release.xcconfig */;
			buildSettings = {
				ASSETCATALOG_COMPILER_APPICON_NAME = AppIcon;
				CODE_SIGN_IDENTITY = "iPhone Developer";
				CODE_SIGN_STYLE = Automatic;
				DEVELOPMENT_TEAM = A2CHK38FTF;
				INFOPLIST_FILE = Roar/Info.plist;
				LD_RUNPATH_SEARCH_PATHS = (
					"$(inherited)",
					"@executable_path/Frameworks",
				);
				PRODUCT_BUNDLE_IDENTIFIER = com.bambalon.Roar;
				PRODUCT_NAME = "$(TARGET_NAME)";
				PROVISIONING_PROFILE_SPECIFIER = "";
				SWIFT_VERSION = 5.0;
				TARGETED_DEVICE_FAMILY = "1,2";
			};
			name = Release;
		};
/* End XCBuildConfiguration section */

/* Begin XCConfigurationList section */
		C9172D9F22079BEC009EC08F /* Build configuration list for PBXProject "Roar" */ = {
			isa = XCConfigurationList;
			buildConfigurations = (
				C9172DB422079BEE009EC08F /* Debug */,
				C9172DB522079BEE009EC08F /* Release */,
			);
			defaultConfigurationIsVisible = 0;
			defaultConfigurationName = Release;
		};
		C9172DB622079BEE009EC08F /* Build configuration list for PBXNativeTarget "Roar" */ = {
			isa = XCConfigurationList;
			buildConfigurations = (
				C9172DB722079BEE009EC08F /* Debug */,
				C9172DB822079BEE009EC08F /* Release */,
			);
			defaultConfigurationIsVisible = 0;
			defaultConfigurationName = Release;
		};
/* End XCConfigurationList section */
	};
	rootObject = C9172D9C22079BEC009EC08F /* Project object */;
}
